<?xml version="1.0" encoding="utf-8"?>
<Project ToolsVersion="4.0" xmlns="http://schemas.microsoft.com/developer/msbuild/2003">
  <ItemGroup>
    <Filter Include="Pliki źródłowe">
      <UniqueIdentifier>{4FC737F1-C7A5-4376-A066-2A32D752A2FF}</UniqueIdentifier>
      <Extensions>cpp;c;cc;cxx;c++;cppm;ixx;def;odl;idl;hpj;bat;asm;asmx</Extensions>
    </Filter>
    <Filter Include="Pliki nagłówkowe">
      <UniqueIdentifier>{93995380-89BD-4b04-88EB-625FBE52EBFB}</UniqueIdentifier>
      <Extensions>h;hh;hpp;hxx;h++;hm;inl;inc;ipp;xsd</Extensions>
    </Filter>
    <Filter Include="Pliki zasobów">
      <UniqueIdentifier>{67DA6AB6-F800-4c08-8B7A-83BB121AAD01}</UniqueIdentifier>
      <Extensions>rc;ico;cur;bmp;dlg;rc2;rct;bin;rgs;gif;jpg;jpeg;jpe;resx;tiff;tif;png;wav;mfcribbon-ms</Extensions>
    </Filter>
    <Filter Include="Pliki źródłowe\Objects">
      <UniqueIdentifier>{eb523a87-39b4-41bb-90e3-40767ebc981f}</UniqueIdentifier>
    </Filter>
    <Filter Include="Pliki źródłowe\Main">
      <UniqueIdentifier>{65ebaaa9-a66c-47c7-9363-e9f4edc4a28a}</UniqueIdentifier>
    </Filter>
    <Filter Include="Pliki nagłówkowe\Objects">
      <UniqueIdentifier>{e67cc58a-2f13-4362-b4be-3c952eaf20b8}</UniqueIdentifier>
    </Filter>
    <Filter Include="Pliki nagłówkowe\Main">
      <UniqueIdentifier>{8d311771-d01e-442d-bf3f-b273ac78f60f}</UniqueIdentifier>
    </Filter>
    <Filter Include="Pliki nagłówkowe\Objects\Enemies">
      <UniqueIdentifier>{4b4d991a-c12a-4ecc-a55f-562512f08977}</UniqueIdentifier>
    </Filter>
    <Filter Include="Pliki źródłowe\Objects\Enemies">
      <UniqueIdentifier>{9979f9b0-fa06-45d6-96c1-61d4e0cccce3}</UniqueIdentifier>
    </Filter>
  </ItemGroup>
  <ItemGroup>
    <ClCompile Include="Bullet.cpp">
      <Filter>Pliki źródłowe\Objects</Filter>
    </ClCompile>
    <ClCompile Include="Player.cpp">
      <Filter>Pliki źródłowe\Objects</Filter>
    </ClCompile>
    <ClCompile Include="TestObject.cpp">
      <Filter>Pliki źródłowe\Objects</Filter>
    </ClCompile>
    <ClCompile Include="Common.cpp">
      <Filter>Pliki źródłowe\Main</Filter>
    </ClCompile>
    <ClCompile Include="Game.cpp">
      <Filter>Pliki źródłowe\Main</Filter>
    </ClCompile>
    <ClCompile Include="main.cpp">
      <Filter>Pliki źródłowe\Main</Filter>
    </ClCompile>
    <ClCompile Include="Enemy.cpp">
      <Filter>Pliki źródłowe\Objects</Filter>
    </ClCompile>
    <ClCompile Include="WaveManager.cpp">
      <Filter>Pliki źródłowe\Main</Filter>
    </ClCompile>
    <ClCompile Include="Blue.cpp">
      <Filter>Pliki źródłowe\Objects\Enemies</Filter>
    </ClCompile>
    <ClCompile Include="Red.cpp">
      <Filter>Pliki źródłowe\Objects\Enemies</Filter>
    </ClCompile>
    <ClCompile Include="UI.cpp">
      <Filter>Pliki źródłowe\Main</Filter>
    </ClCompile>
  </ItemGroup>
  <ItemGroup>
    <ClInclude Include="TestObject.h">
      <Filter>Pliki nagłówkowe\Objects</Filter>
    </ClInclude>
    <ClInclude Include="Player.h">
      <Filter>Pliki nagłówkowe\Objects</Filter>
    </ClInclude>
    <ClInclude Include="GameObject.h">
      <Filter>Pliki nagłówkowe\Objects</Filter>
    </ClInclude>
    <ClInclude Include="Bullet.h">
      <Filter>Pliki nagłówkowe\Objects</Filter>
    </ClInclude>
    <ClInclude Include="Game.h">
      <Filter>Pliki nagłówkowe\Main</Filter>
    </ClInclude>
    <ClInclude Include="Common.h">
      <Filter>Pliki nagłówkowe\Main</Filter>
    </ClInclude>
    <ClInclude Include="Enemy.h">
      <Filter>Pliki nagłówkowe\Objects</Filter>
    </ClInclude>
    <ClInclude Include="Red.h">
      <Filter>Pliki nagłówkowe\Objects\Enemies</Filter>
    </ClInclude>
    <ClInclude Include="WaveManager.h">
      <Filter>Pliki nagłówkowe\Main</Filter>
    </ClInclude>
    <ClInclude Include="Blue.h">
      <Filter>Pliki nagłówkowe\Objects\Enemies</Filter>
    </ClInclude>
    <ClInclude Include="UI.h">
      <Filter>Pliki nagłówkowe\Main</Filter>
    </ClInclude>
  </ItemGroup>
</Project>